
Microsoft Visual Studio Solution File, Format Version 12.00
# Visual Studio Version 17
VisualStudioVersion = 17.14.36301.6
MinimumVisualStudioVersion = 10.0.40219.1
Project("{FAE04EC0-301F-11D3-BF4B-00C04F79EFBC}") = "ExampleMudSystem", "ExampleMudSystem\ExampleMudSystem.csproj", "{599F5DB9-CFD6-4E78-996C-210EE71C7946}"
EndProject
Project("{FAE04EC0-301F-11D3-BF4B-00C04F79EFBC}") = "ExampleMudWeb", "ExampleMudWeb\ExampleMudWeb.csproj", "{63D96F3B-5BAF-FA85-B055-7DEDC4D4FF67}"
EndProject
Global
	GlobalSection(SolutionConfigurationPlatforms) = preSolution
		Debug|Any CPU = Debug|Any CPU
		Release|Any CPU = Release|Any CPU
	EndGlobalSection
	GlobalSection(ProjectConfigurationPlatforms) = postSolution
		{599F5DB9-CFD6-4E78-996C-210EE71C7946}.Debug|Any CPU.ActiveCfg = Debug|Any CPU
		{599F5DB9-CFD6-4E78-996C-210EE71C7946}.Debug|Any CPU.Build.0 = Debug|Any CPU
		{599F5DB9-CFD6-4E78-996C-210EE71C7946}.Release|Any CPU.ActiveCfg = Release|Any CPU
		{599F5DB9-CFD6-4E78-996C-210EE71C7946}.Release|Any CPU.Build.0 = Release|Any CPU
		{63D96F3B-5BAF-FA85-B055-7DEDC4D4FF67}.Debug|Any CPU.ActiveCfg = Debug|Any CPU
		{63D96F3B-5BAF-FA85-B055-7DEDC4D4FF67}.Debug|Any CPU.Build.0 = Debug|Any CPU
		{63D96F3B-5BAF-FA85-B055-7DEDC4D4FF67}.Release|Any CPU.ActiveCfg = Release|Any CPU
		{63D96F3B-5BAF-FA85-B055-7DEDC4D4FF67}.Release|Any CPU.Build.0 = Release|Any CPU
	EndGlobalSection
	GlobalSection(SolutionProperties) = preSolution
		HideSolutionNode = FALSE
	EndGlobalSection
	GlobalSection(ExtensibilityGlobals) = postSolution
		SolutionGuid = {5ABCC1EF-1C05-4286-B563-6E3BC5A9791C}
	EndGlobalSection
EndGlobal
